
Microsoft Visual Studio Solution File, Format Version 12.00
# Visual Studio Version 17
VisualStudioVersion = 17.0.31919.166
MinimumVisualStudioVersion = 10.0.40219.1
Project("{FAE04EC0-301F-11D3-BF4B-00C04F79EFBC}") = "ProjetoEscolaa", "ProjetoEscolaa.csproj", "{7E11C736-332A-4D72-96EC-393B7B55C7F5}"
EndProject
Global
	GlobalSection(SolutionConfigurationPlatforms) = preSolution
		Debug|Any CPU = Debug|Any CPU
		Release|Any CPU = Release|Any CPU
	EndGlobalSection
	GlobalSection(ProjectConfigurationPlatforms) = postSolution
		{7E11C736-332A-4D72-96EC-393B7B55C7F5}.Debug|Any CPU.ActiveCfg = Debug|Any CPU
		{7E11C736-332A-4D72-96EC-393B7B55C7F5}.Debug|Any CPU.Build.0 = Debug|Any CPU
		{7E11C736-332A-4D72-96EC-393B7B55C7F5}.Release|Any CPU.ActiveCfg = Release|Any CPU
		{7E11C736-332A-4D72-96EC-393B7B55C7F5}.Release|Any CPU.Build.0 = Release|Any CPU
	EndGlobalSection
	GlobalSection(SolutionProperties) = preSolution
		HideSolutionNode = FALSE
	EndGlobalSection
	GlobalSection(ExtensibilityGlobals) = postSolution
		SolutionGuid = {C0BA32D5-099E-4B09-91E5-3F101719197E}
	EndGlobalSection
EndGlobal
